
Microsoft Visual Studio Solution File, Format Version 12.00
# Visual Studio Version 17
VisualStudioVersion = 17.7.34024.191
MinimumVisualStudioVersion = 10.0.40219.1
Project("{FAE04EC0-301F-11D3-BF4B-00C04F79EFBC}") = "HW-21-10", "HW-21-10\HW-21-10.csproj", "{30749756-7B9B-4F08-9041-14CBB8A555A0}"
EndProject
Global
	GlobalSection(SolutionConfigurationPlatforms) = preSolution
		Debug|Any CPU = Debug|Any CPU
		Release|Any CPU = Release|Any CPU
	EndGlobalSection
	GlobalSection(ProjectConfigurationPlatforms) = postSolution
		{30749756-7B9B-4F08-9041-14CBB8A555A0}.Debug|Any CPU.ActiveCfg = Debug|Any CPU
		{30749756-7B9B-4F08-9041-14CBB8A555A0}.Debug|Any CPU.Build.0 = Debug|Any CPU
		{30749756-7B9B-4F08-9041-14CBB8A555A0}.Release|Any CPU.ActiveCfg = Release|Any CPU
		{30749756-7B9B-4F08-9041-14CBB8A555A0}.Release|Any CPU.Build.0 = Release|Any CPU
	EndGlobalSection
	GlobalSection(SolutionProperties) = preSolution
		HideSolutionNode = FALSE
	EndGlobalSection
	GlobalSection(ExtensibilityGlobals) = postSolution
		SolutionGuid = {EBAAAA4D-729B-4320-9304-FE914B7CB909}
	EndGlobalSection
EndGlobal
